
Microsoft Visual Studio Solution File, Format Version 10.00
# Visual Studio 2008
Project("{8BC9CEB8-8B4A-11D0-8D11-00A0C91BC942}") = "Vc6Configer", "Vc6Configer\Vc6Configer.vcproj", "{FA01C8CE-C566-4429-A7D2-7526A7705534}"
EndProject
Global
	GlobalSection(SolutionConfigurationPlatforms) = preSolution
		Debug|Win32 = Debug|Win32
		Release|Win32 = Release|Win32
	EndGlobalSection
	GlobalSection(ProjectConfigurationPlatforms) = postSolution
		{FA01C8CE-C566-4429-A7D2-7526A7705534}.Debug|Win32.ActiveCfg = Debug|Win32
		{FA01C8CE-C566-4429-A7D2-7526A7705534}.Debug|Win32.Build.0 = Debug|Win32
		{FA01C8CE-C566-4429-A7D2-7526A7705534}.Release|Win32.ActiveCfg = Release|Win32
		{FA01C8CE-C566-4429-A7D2-7526A7705534}.Release|Win32.Build.0 = Release|Win32
	EndGlobalSection
	GlobalSection(SolutionProperties) = preSolution
		HideSolutionNode = FALSE
	EndGlobalSection
EndGlobal
